
Microsoft Visual Studio Solution File, Format Version 12.00
# Visual Studio Version 17
VisualStudioVersion = 17.14.36518.9
MinimumVisualStudioVersion = 10.0.40219.1
Project("{2150E333-8FDC-42A3-9474-1A3956D46DE8}") = "Task0", "Task0", "{02EA681E-C7D8-13C7-8484-4AC65E1B71E8}"
EndProject
Project("{FAE04EC0-301F-11D3-BF4B-00C04F79EFBC}") = "Tyuiu.AngeliA.Sprint3.Task0.V15", "Tyuiu.AngeliA.Sprint3.Task0.V15\Tyuiu.AngeliA.Sprint3.Task0.V15.csproj", "{5CEC3DBF-8943-40D1-86A1-4D4B003FA895}"
EndProject
Project("{FAE04EC0-301F-11D3-BF4B-00C04F79EFBC}") = "Tyuiu.AngeliA.Sprint3.Task0.V15.Test", "Tyuiu.AngeliA.Sprint3.Task0.V15.Test\Tyuiu.AngeliA.Sprint3.Task0.V15.Test.csproj", "{4FD17C8F-1E6E-4EEE-BCEB-581BE81372D8}"
EndProject
Project("{FAE04EC0-301F-11D3-BF4B-00C04F79EFBC}") = "Tyuiu.AngeliA.Sprint3.Task0.V15.Lib", "Tyuiu.AngeliA.Sprint3.Task0.V15.Lib\Tyuiu.AngeliA.Sprint3.Task0.V15.Lib.csproj", "{3595ADE5-FB4A-4169-93C9-3C4BE894DF7F}"
EndProject
Project("{2150E333-8FDC-42A3-9474-1A3956D46DE8}") = "Task1", "Task1", "{4735B5F1-3938-4506-86C5-F36105CD1044}"
EndProject
Project("{FAE04EC0-301F-11D3-BF4B-00C04F79EFBC}") = "Tyuiu.AngeliA.Sprint3.Task1.V24", "Tyuiu.AngeliA.Sprint3.Task1.V24\Tyuiu.AngeliA.Sprint3.Task1.V24.csproj", "{D85FF2AA-04F1-4D17-819A-F3E555D34B1C}"
EndProject
Project("{FAE04EC0-301F-11D3-BF4B-00C04F79EFBC}") = "Tyuiu.AngeliA.Sprint3.Task1.V24.Test", "Tyuiu.AngeliA.Sprint3.Task1.V24.Test\Tyuiu.AngeliA.Sprint3.Task1.V24.Test.csproj", "{3C219659-63D0-401B-A2F8-D0327B798156}"
EndProject
Project("{FAE04EC0-301F-11D3-BF4B-00C04F79EFBC}") = "Tyuiu.AngeliA.Sprint3.Task1.V24.Lib", "Tyuiu.AngeliA.Sprint3.Task1.V24.Lib\Tyuiu.AngeliA.Sprint3.Task1.V24.Lib.csproj", "{DDCF0908-7F3C-4BC8-BBF3-108A0F281CBD}"
EndProject
Project("{2150E333-8FDC-42A3-9474-1A3956D46DE8}") = "Task2", "Task2", "{AE3AF6A0-2930-4E84-96C7-3D39A6F83DD5}"
EndProject
Project("{FAE04EC0-301F-11D3-BF4B-00C04F79EFBC}") = "Tyuiu.AngeliA.Sprint3.Task2.V3", "Tyuiu.AngeliA.Sprint3.Task2.V3\Tyuiu.AngeliA.Sprint3.Task2.V3.csproj", "{DC4FDE2A-83CF-49C0-BEDF-8AE34D87493F}"
EndProject
Project("{FAE04EC0-301F-11D3-BF4B-00C04F79EFBC}") = "Tyuiu.AngeliA.Sprint3.Task2.V3.Test", "Tyuiu.AngeliA.Sprint3.Task2.V3.Test\Tyuiu.AngeliA.Sprint3.Task2.V3.Test.csproj", "{0484307E-DA40-4C49-9B40-09E40DBE70FB}"
EndProject
Project("{FAE04EC0-301F-11D3-BF4B-00C04F79EFBC}") = "Tyuiu.AngeliA.Sprint3.Task2.V3.Lib", "Tyuiu.AngeliA.Sprint3.Task2.V3.Lib\Tyuiu.AngeliA.Sprint3.Task2.V3.Lib.csproj", "{D5164AEE-E955-4483-BC05-3B7F0FC46541}"
EndProject
Project("{2150E333-8FDC-42A3-9474-1A3956D46DE8}") = "Task3", "Task3", "{7F8C779B-D5C4-4DFD-B384-08827F1772C7}"
EndProject
Project("{FAE04EC0-301F-11D3-BF4B-00C04F79EFBC}") = "Tyuiu.AngeliA.Sprint3.Task3.V1", "Tyuiu.AngeliA.Sprint3.Task3.V1\Tyuiu.AngeliA.Sprint3.Task3.V1.csproj", "{14058639-D103-430E-AB3A-0716BC937447}"
EndProject
Project("{FAE04EC0-301F-11D3-BF4B-00C04F79EFBC}") = "Tyuiu.AngeliA.Sprint3.Task3.V1.Test", "Tyuiu.AngeliA.Sprint3.Task3.V1.Test\Tyuiu.AngeliA.Sprint3.Task3.V1.Test.csproj", "{89D5E5C8-DC75-48F1-905D-D4142D19759D}"
EndProject
Project("{FAE04EC0-301F-11D3-BF4B-00C04F79EFBC}") = "Tyuiu.AngeliA.Sprint3.Task3.V1.Lib", "Tyuiu.AngeliA.Sprint3.Task3.V1.Lib\Tyuiu.AngeliA.Sprint3.Task3.V1.Lib.csproj", "{53045C17-D46F-4EBD-90E7-7B35E44E5441}"
EndProject
Project("{2150E333-8FDC-42A3-9474-1A3956D46DE8}") = "Task4", "Task4", "{4545E431-175E-44D4-8D49-2BF62A151DA0}"
EndProject
Project("{FAE04EC0-301F-11D3-BF4B-00C04F79EFBC}") = "Tyuiu.AngeliA.Sprint3.Task4.V18", "Tyuiu.AngeliA.Sprint3.Task4.V18\Tyuiu.AngeliA.Sprint3.Task4.V18.csproj", "{73ECBC26-5AD9-4ADC-8BEC-EE6F07D42120}"
EndProject
Project("{FAE04EC0-301F-11D3-BF4B-00C04F79EFBC}") = "Tyuiu.AngeliA.Sprint3.Task4.V18.Test", "Tyuiu.AngeliA.Sprint3.Task4.V18.Test\Tyuiu.AngeliA.Sprint3.Task4.V18.Test.csproj", "{36B4C7B8-9879-4FE1-B97F-10CDC6B738BA}"
EndProject
Project("{FAE04EC0-301F-11D3-BF4B-00C04F79EFBC}") = "Tyuiu.AngeliA.Sprint3.Task4.V18.Lib", "Tyuiu.AngeliA.Sprint3.Task4.V18.Lib\Tyuiu.AngeliA.Sprint3.Task4.V18.Lib.csproj", "{1361BB74-904C-41AE-8E6C-4FEE5BD86B41}"
EndProject
Global
	GlobalSection(SolutionConfigurationPlatforms) = preSolution
		Debug|Any CPU = Debug|Any CPU
		Release|Any CPU = Release|Any CPU
	EndGlobalSection
	GlobalSection(ProjectConfigurationPlatforms) = postSolution
		{5CEC3DBF-8943-40D1-86A1-4D4B003FA895}.Debug|Any CPU.ActiveCfg = Debug|Any CPU
		{5CEC3DBF-8943-40D1-86A1-4D4B003FA895}.Debug|Any CPU.Build.0 = Debug|Any CPU
		{5CEC3DBF-8943-40D1-86A1-4D4B003FA895}.Release|Any CPU.ActiveCfg = Release|Any CPU
		{5CEC3DBF-8943-40D1-86A1-4D4B003FA895}.Release|Any CPU.Build.0 = Release|Any CPU
		{4FD17C8F-1E6E-4EEE-BCEB-581BE81372D8}.Debug|Any CPU.ActiveCfg = Debug|Any CPU
		{4FD17C8F-1E6E-4EEE-BCEB-581BE81372D8}.Debug|Any CPU.Build.0 = Debug|Any CPU
		{4FD17C8F-1E6E-4EEE-BCEB-581BE81372D8}.Release|Any CPU.ActiveCfg = Release|Any CPU
		{4FD17C8F-1E6E-4EEE-BCEB-581BE81372D8}.Release|Any CPU.Build.0 = Release|Any CPU
		{3595ADE5-FB4A-4169-93C9-3C4BE894DF7F}.Debug|Any CPU.ActiveCfg = Debug|Any CPU
		{3595ADE5-FB4A-4169-93C9-3C4BE894DF7F}.Debug|Any CPU.Build.0 = Debug|Any CPU
		{3595ADE5-FB4A-4169-93C9-3C4BE894DF7F}.Release|Any CPU.ActiveCfg = Release|Any CPU
		{3595ADE5-FB4A-4169-93C9-3C4BE894DF7F}.Release|Any CPU.Build.0 = Release|Any CPU
		{D85FF2AA-04F1-4D17-819A-F3E555D34B1C}.Debug|Any CPU.ActiveCfg = Debug|Any CPU
		{D85FF2AA-04F1-4D17-819A-F3E555D34B1C}.Debug|Any CPU.Build.0 = Debug|Any CPU
		{D85FF2AA-04F1-4D17-819A-F3E555D34B1C}.Release|Any CPU.ActiveCfg = Release|Any CPU
		{D85FF2AA-04F1-4D17-819A-F3E555D34B1C}.Release|Any CPU.Build.0 = Release|Any CPU
		{3C219659-63D0-401B-A2F8-D0327B798156}.Debug|Any CPU.ActiveCfg = Debug|Any CPU
		{3C219659-63D0-401B-A2F8-D0327B798156}.Debug|Any CPU.Build.0 = Debug|Any CPU
		{3C219659-63D0-401B-A2F8-D0327B798156}.Release|Any CPU.ActiveCfg = Release|Any CPU
		{3C219659-63D0-401B-A2F8-D0327B798156}.Release|Any CPU.Build.0 = Release|Any CPU
		{DDCF0908-7F3C-4BC8-BBF3-108A0F281CBD}.Debug|Any CPU.ActiveCfg = Debug|Any CPU
		{DDCF0908-7F3C-4BC8-BBF3-108A0F281CBD}.Debug|Any CPU.Build.0 = Debug|Any CPU
		{DDCF0908-7F3C-4BC8-BBF3-108A0F281CBD}.Release|Any CPU.ActiveCfg = Release|Any CPU
		{DDCF0908-7F3C-4BC8-BBF3-108A0F281CBD}.Release|Any CPU.Build.0 = Release|Any CPU
		{DC4FDE2A-83CF-49C0-BEDF-8AE34D87493F}.Debug|Any CPU.ActiveCfg = Debug|Any CPU
		{DC4FDE2A-83CF-49C0-BEDF-8AE34D87493F}.Debug|Any CPU.Build.0 = Debug|Any CPU
		{DC4FDE2A-83CF-49C0-BEDF-8AE34D87493F}.Release|Any CPU.ActiveCfg = Release|Any CPU
		{DC4FDE2A-83CF-49C0-BEDF-8AE34D87493F}.Release|Any CPU.Build.0 = Release|Any CPU
		{0484307E-DA40-4C49-9B40-09E40DBE70FB}.Debug|Any CPU.ActiveCfg = Debug|Any CPU
		{0484307E-DA40-4C49-9B40-09E40DBE70FB}.Debug|Any CPU.Build.0 = Debug|Any CPU
		{0484307E-DA40-4C49-9B40-09E40DBE70FB}.Release|Any CPU.ActiveCfg = Release|Any CPU
		{0484307E-DA40-4C49-9B40-09E40DBE70FB}.Release|Any CPU.Build.0 = Release|Any CPU
		{D5164AEE-E955-4483-BC05-3B7F0FC46541}.Debug|Any CPU.ActiveCfg = Debug|Any CPU
		{D5164AEE-E955-4483-BC05-3B7F0FC46541}.Debug|Any CPU.Build.0 = Debug|Any CPU
		{D5164AEE-E955-4483-BC05-3B7F0FC46541}.Release|Any CPU.ActiveCfg = Release|Any CPU
		{D5164AEE-E955-4483-BC05-3B7F0FC46541}.Release|Any CPU.Build.0 = Release|Any CPU
		{14058639-D103-430E-AB3A-0716BC937447}.Debug|Any CPU.ActiveCfg = Debug|Any CPU
		{14058639-D103-430E-AB3A-0716BC937447}.Debug|Any CPU.Build.0 = Debug|Any CPU
		{14058639-D103-430E-AB3A-0716BC937447}.Release|Any CPU.ActiveCfg = Release|Any CPU
		{14058639-D103-430E-AB3A-0716BC937447}.Release|Any CPU.Build.0 = Release|Any CPU
		{89D5E5C8-DC75-48F1-905D-D4142D19759D}.Debug|Any CPU.ActiveCfg = Debug|Any CPU
		{89D5E5C8-DC75-48F1-905D-D4142D19759D}.Debug|Any CPU.Build.0 = Debug|Any CPU
		{89D5E5C8-DC75-48F1-905D-D4142D19759D}.Release|Any CPU.ActiveCfg = Release|Any CPU
		{89D5E5C8-DC75-48F1-905D-D4142D19759D}.Release|Any CPU.Build.0 = Release|Any CPU
		{53045C17-D46F-4EBD-90E7-7B35E44E5441}.Debug|Any CPU.ActiveCfg = Debug|Any CPU
		{53045C17-D46F-4EBD-90E7-7B35E44E5441}.Debug|Any CPU.Build.0 = Debug|Any CPU
		{53045C17-D46F-4EBD-90E7-7B35E44E5441}.Release|Any CPU.ActiveCfg = Release|Any CPU
		{53045C17-D46F-4EBD-90E7-7B35E44E5441}.Release|Any CPU.Build.0 = Release|Any CPU
		{73ECBC26-5AD9-4ADC-8BEC-EE6F07D42120}.Debug|Any CPU.ActiveCfg = Debug|Any CPU
		{73ECBC26-5AD9-4ADC-8BEC-EE6F07D42120}.Debug|Any CPU.Build.0 = Debug|Any CPU
		{73ECBC26-5AD9-4ADC-8BEC-EE6F07D42120}.Release|Any CPU.ActiveCfg = Release|Any CPU
		{73ECBC26-5AD9-4ADC-8BEC-EE6F07D42120}.Release|Any CPU.Build.0 = Release|Any CPU
		{36B4C7B8-9879-4FE1-B97F-10CDC6B738BA}.Debug|Any CPU.ActiveCfg = Debug|Any CPU
		{36B4C7B8-9879-4FE1-B97F-10CDC6B738BA}.Debug|Any CPU.Build.0 = Debug|Any CPU
		{36B4C7B8-9879-4FE1-B97F-10CDC6B738BA}.Release|Any CPU.ActiveCfg = Release|Any CPU
		{36B4C7B8-9879-4FE1-B97F-10CDC6B738BA}.Release|Any CPU.Build.0 = Release|Any CPU
		{1361BB74-904C-41AE-8E6C-4FEE5BD86B41}.Debug|Any CPU.ActiveCfg = Debug|Any CPU
		{1361BB74-904C-41AE-8E6C-4FEE5BD86B41}.Debug|Any CPU.Build.0 = Debug|Any CPU
		{1361BB74-904C-41AE-8E6C-4FEE5BD86B41}.Release|Any CPU.ActiveCfg = Release|Any CPU
		{1361BB74-904C-41AE-8E6C-4FEE5BD86B41}.Release|Any CPU.Build.0 = Release|Any CPU
	EndGlobalSection
	GlobalSection(SolutionProperties) = preSolution
		HideSolutionNode = FALSE
	EndGlobalSection
	GlobalSection(NestedProjects) = preSolution
		{5CEC3DBF-8943-40D1-86A1-4D4B003FA895} = {02EA681E-C7D8-13C7-8484-4AC65E1B71E8}
		{4FD17C8F-1E6E-4EEE-BCEB-581BE81372D8} = {02EA681E-C7D8-13C7-8484-4AC65E1B71E8}
		{3595ADE5-FB4A-4169-93C9-3C4BE894DF7F} = {02EA681E-C7D8-13C7-8484-4AC65E1B71E8}
		{D85FF2AA-04F1-4D17-819A-F3E555D34B1C} = {4735B5F1-3938-4506-86C5-F36105CD1044}
		{3C219659-63D0-401B-A2F8-D0327B798156} = {4735B5F1-3938-4506-86C5-F36105CD1044}
		{DDCF0908-7F3C-4BC8-BBF3-108A0F281CBD} = {4735B5F1-3938-4506-86C5-F36105CD1044}
		{DC4FDE2A-83CF-49C0-BEDF-8AE34D87493F} = {AE3AF6A0-2930-4E84-96C7-3D39A6F83DD5}
		{0484307E-DA40-4C49-9B40-09E40DBE70FB} = {AE3AF6A0-2930-4E84-96C7-3D39A6F83DD5}
		{D5164AEE-E955-4483-BC05-3B7F0FC46541} = {AE3AF6A0-2930-4E84-96C7-3D39A6F83DD5}
		{14058639-D103-430E-AB3A-0716BC937447} = {7F8C779B-D5C4-4DFD-B384-08827F1772C7}
		{89D5E5C8-DC75-48F1-905D-D4142D19759D} = {7F8C779B-D5C4-4DFD-B384-08827F1772C7}
		{53045C17-D46F-4EBD-90E7-7B35E44E5441} = {7F8C779B-D5C4-4DFD-B384-08827F1772C7}
		{73ECBC26-5AD9-4ADC-8BEC-EE6F07D42120} = {4545E431-175E-44D4-8D49-2BF62A151DA0}
		{36B4C7B8-9879-4FE1-B97F-10CDC6B738BA} = {4545E431-175E-44D4-8D49-2BF62A151DA0}
		{1361BB74-904C-41AE-8E6C-4FEE5BD86B41} = {4545E431-175E-44D4-8D49-2BF62A151DA0}
	EndGlobalSection
	GlobalSection(ExtensibilityGlobals) = postSolution
		SolutionGuid = {40F15D91-39FA-4BCE-8DE5-B7C8A0AA8BB1}
	EndGlobalSection
EndGlobal
